
Microsoft Visual Studio Solution File, Format Version 12.00
# Visual Studio Version 17
VisualStudioVersion = 17.5.002.0
MinimumVisualStudioVersion = 10.0.40219.1
Project("{9A19103F-16F7-4668-BE54-9A1E7A4F7556}") = "Tyyppimuunnos", "Tyyppimuunnos.csproj", "{6733CE14-76DC-4A93-8814-F15FC599E86C}"
EndProject
Global
	GlobalSection(SolutionConfigurationPlatforms) = preSolution
		Debug|Any CPU = Debug|Any CPU
		Release|Any CPU = Release|Any CPU
	EndGlobalSection
	GlobalSection(ProjectConfigurationPlatforms) = postSolution
		{6733CE14-76DC-4A93-8814-F15FC599E86C}.Debug|Any CPU.ActiveCfg = Debug|Any CPU
		{6733CE14-76DC-4A93-8814-F15FC599E86C}.Debug|Any CPU.Build.0 = Debug|Any CPU
		{6733CE14-76DC-4A93-8814-F15FC599E86C}.Release|Any CPU.ActiveCfg = Release|Any CPU
		{6733CE14-76DC-4A93-8814-F15FC599E86C}.Release|Any CPU.Build.0 = Release|Any CPU
	EndGlobalSection
	GlobalSection(SolutionProperties) = preSolution
		HideSolutionNode = FALSE
	EndGlobalSection
	GlobalSection(ExtensibilityGlobals) = postSolution
		SolutionGuid = {47959865-275A-4EE2-ACCE-EBB30C683A56}
	EndGlobalSection
EndGlobal
